// !$*UTF8*$!
{
	archiveVersion = 1;
	classes = {
	};
	objectVersion = 60;
	objects = {

/* Begin PBXBuildFile section */
		2C29CC242B70CF4700C988BE /* Main.storyboard in Resources */ = {isa = PBXBuildFile; fileRef = 2C29CC202B70CF4700C988BE /* Main.storyboard */; };
		2C29CC252B70CF4700C988BE /* LaunchScreen.storyboard in Resources */ = {isa = PBXBuildFile; fileRef = 2C29CC222B70CF4700C988BE /* LaunchScreen.storyboard */; };
		2C3C8C6C2B70CB7C002EB495 /* WaypointConfirmationViewController.swift in Sources */ = {isa = PBXBuildFile; fileRef = 2C3C8C5E2B70CB7B002EB495 /* WaypointConfirmationViewController.swift */; };
		2C3C8C6D2B70CB7C002EB495 /* AppDelegate.swift in Sources */ = {isa = PBXBuildFile; fileRef = 2C3C8C5F2B70CB7B002EB495 /* AppDelegate.swift */; };
		2C3C8C6E2B70CB7C002EB495 /* RecentItem.swift in Sources */ = {isa = PBXBuildFile; fileRef = 2C3C8C602B70CB7B002EB495 /* RecentItem.swift */; };
		2C3C8C6F2B70CB7C002EB495 /* tunnel.json in Resources */ = {isa = PBXBuildFile; fileRef = 2C3C8C612B70CB7B002EB495 /* tunnel.json */; };
		2C3C8C702B70CB7C002EB495 /* CustomViewController.swift in Sources */ = {isa = PBXBuildFile; fileRef = 2C3C8C622B70CB7B002EB495 /* CustomViewController.swift */; };
		2C3C8C712B70CB7C002EB495 /* Entitlements.plist in Resources */ = {isa = PBXBuildFile; fileRef = 2C3C8C632B70CB7B002EB495 /* Entitlements.plist */; };
		2C3C8C722B70CB7C002EB495 /* tunnel.route in Resources */ = {isa = PBXBuildFile; fileRef = 2C3C8C642B70CB7B002EB495 /* tunnel.route */; };
		2C3C8C732B70CB7C002EB495 /* ViewController.swift in Sources */ = {isa = PBXBuildFile; fileRef = 2C3C8C652B70CB7C002EB495 /* ViewController.swift */; };
		2C3C8C752B70CB7C002EB495 /* _TestPath.gpx in Resources */ = {isa = PBXBuildFile; fileRef = 2C3C8C672B70CB7C002EB495 /* _TestPath.gpx */; };
		2C3C8C762B70CB7C002EB495 /* CustomStyles.swift in Sources */ = {isa = PBXBuildFile; fileRef = 2C3C8C682B70CB7C002EB495 /* CustomStyles.swift */; };
		2C3C8C772B70CB7C002EB495 /* FavoritesList.swift in Sources */ = {isa = PBXBuildFile; fileRef = 2C3C8C692B70CB7C002EB495 /* FavoritesList.swift */; };
		2C3C8C782B70CB7C002EB495 /* AppDelegate+CarPlay.swift in Sources */ = {isa = PBXBuildFile; fileRef = 2C3C8C6A2B70CB7C002EB495 /* AppDelegate+CarPlay.swift */; };
		2C3C8C792B70CB7C002EB495 /* Assets.xcassets in Resources */ = {isa = PBXBuildFile; fileRef = 2C3C8C6B2B70CB7C002EB495 /* Assets.xcassets */; };
		2C3C8C7C2B70CBBC002EB495 /* MapboxNavigation in Frameworks */ = {isa = PBXBuildFile; productRef = 2C3C8C7B2B70CBBC002EB495 /* MapboxNavigation */; };
/* End PBXBuildFile section */

/* Begin PBXFileReference section */
		2C29CC212B70CF4700C988BE /* Base */ = {isa = PBXFileReference; lastKnownFileType = file.storyboard; name = Base; path = Swift/Base.lproj/Main.storyboard; sourceTree = "<group>"; };
		2C29CC232B70CF4700C988BE /* Base */ = {isa = PBXFileReference; lastKnownFileType = file.storyboard; name = Base; path = Swift/Base.lproj/LaunchScreen.storyboard; sourceTree = "<group>"; };
		2C29CC262B70CFE500C988BE /* ExampleSwift-Info.plist */ = {isa = PBXFileReference; lastKnownFileType = text.plist; path = "ExampleSwift-Info.plist"; sourceTree = "<group>"; };
		2C3C8C452B70CAAD002EB495 /* ExampleSwift.app */ = {isa = PBXFileReference; explicitFileType = wrapper.application; includeInIndex = 0; path = ExampleSwift.app; sourceTree = BUILT_PRODUCTS_DIR; };
		2C3C8C5E2B70CB7B002EB495 /* WaypointConfirmationViewController.swift */ = {isa = PBXFileReference; fileEncoding = 4; lastKnownFileType = sourcecode.swift; name = WaypointConfirmationViewController.swift; path = Swift/WaypointConfirmationViewController.swift; sourceTree = "<group>"; };
		2C3C8C5F2B70CB7B002EB495 /* AppDelegate.swift */ = {isa = PBXFileReference; fileEncoding = 4; lastKnownFileType = sourcecode.swift; name = AppDelegate.swift; path = Swift/AppDelegate.swift; sourceTree = "<group>"; };
		2C3C8C602B70CB7B002EB495 /* RecentItem.swift */ = {isa = PBXFileReference; fileEncoding = 4; lastKnownFileType = sourcecode.swift; name = RecentItem.swift; path = Swift/RecentItem.swift; sourceTree = "<group>"; };
		2C3C8C612B70CB7B002EB495 /* tunnel.json */ = {isa = PBXFileReference; fileEncoding = 4; lastKnownFileType = text.json; name = tunnel.json; path = Swift/tunnel.json; sourceTree = "<group>"; };
		2C3C8C622B70CB7B002EB495 /* CustomViewController.swift */ = {isa = PBXFileReference; fileEncoding = 4; lastKnownFileType = sourcecode.swift; name = CustomViewController.swift; path = Swift/CustomViewController.swift; sourceTree = "<group>"; };
		2C3C8C632B70CB7B002EB495 /* Entitlements.plist */ = {isa = PBXFileReference; fileEncoding = 4; lastKnownFileType = text.plist.xml; name = Entitlements.plist; path = Swift/Entitlements.plist; sourceTree = "<group>"; };
		2C3C8C642B70CB7B002EB495 /* tunnel.route */ = {isa = PBXFileReference; lastKnownFileType = file.bplist; name = tunnel.route; path = Swift/tunnel.route; sourceTree = "<group>"; };
		2C3C8C652B70CB7C002EB495 /* ViewController.swift */ = {isa = PBXFileReference; fileEncoding = 4; lastKnownFileType = sourcecode.swift; name = ViewController.swift; path = Swift/ViewController.swift; sourceTree = "<group>"; };
		2C3C8C672B70CB7C002EB495 /* _TestPath.gpx */ = {isa = PBXFileReference; fileEncoding = 4; lastKnownFileType = text.xml; name = _TestPath.gpx; path = Swift/_TestPath.gpx; sourceTree = "<group>"; };
		2C3C8C682B70CB7C002EB495 /* CustomStyles.swift */ = {isa = PBXFileReference; fileEncoding = 4; lastKnownFileType = sourcecode.swift; name = CustomStyles.swift; path = Swift/CustomStyles.swift; sourceTree = "<group>"; };
		2C3C8C692B70CB7C002EB495 /* FavoritesList.swift */ = {isa = PBXFileReference; fileEncoding = 4; lastKnownFileType = sourcecode.swift; name = FavoritesList.swift; path = Swift/FavoritesList.swift; sourceTree = "<group>"; };
		2C3C8C6A2B70CB7C002EB495 /* AppDelegate+CarPlay.swift */ = {isa = PBXFileReference; fileEncoding = 4; lastKnownFileType = sourcecode.swift; name = "AppDelegate+CarPlay.swift"; path = "Swift/AppDelegate+CarPlay.swift"; sourceTree = "<group>"; };
		2C3C8C6B2B70CB7C002EB495 /* Assets.xcassets */ = {isa = PBXFileReference; lastKnownFileType = folder.assetcatalog; name = Assets.xcassets; path = Swift/Assets.xcassets; sourceTree = "<group>"; };
/* End PBXFileReference section */

/* Begin PBXFrameworksBuildPhase section */
		2C3C8C422B70CAAD002EB495 /* Frameworks */ = {
			isa = PBXFrameworksBuildPhase;
			buildActionMask = 2147483647;
			files = (
				2C3C8C7C2B70CBBC002EB495 /* MapboxNavigation in Frameworks */,
			);
			runOnlyForDeploymentPostprocessing = 0;
		};
/* End PBXFrameworksBuildPhase section */

/* Begin PBXGroup section */
		2C3C8C3C2B70CAAD002EB495 = {
			isa = PBXGroup;
			children = (
				2C29CC262B70CFE500C988BE /* ExampleSwift-Info.plist */,
				2C29CC222B70CF4700C988BE /* LaunchScreen.storyboard */,
				2C29CC202B70CF4700C988BE /* Main.storyboard */,
				2C3C8C672B70CB7C002EB495 /* _TestPath.gpx */,
				2C3C8C5F2B70CB7B002EB495 /* AppDelegate.swift */,
				2C3C8C6A2B70CB7C002EB495 /* AppDelegate+CarPlay.swift */,
				2C3C8C6B2B70CB7C002EB495 /* Assets.xcassets */,
				2C3C8C682B70CB7C002EB495 /* CustomStyles.swift */,
				2C3C8C622B70CB7B002EB495 /* CustomViewController.swift */,
				2C3C8C632B70CB7B002EB495 /* Entitlements.plist */,
				2C3C8C692B70CB7C002EB495 /* FavoritesList.swift */,
				2C3C8C602B70CB7B002EB495 /* RecentItem.swift */,
				2C3C8C612B70CB7B002EB495 /* tunnel.json */,
				2C3C8C642B70CB7B002EB495 /* tunnel.route */,
				2C3C8C652B70CB7C002EB495 /* ViewController.swift */,
				2C3C8C5E2B70CB7B002EB495 /* WaypointConfirmationViewController.swift */,
				2C3C8C462B70CAAD002EB495 /* Products */,
			);
			sourceTree = "<group>";
		};
		2C3C8C462B70CAAD002EB495 /* Products */ = {
			isa = PBXGroup;
			children = (
				2C3C8C452B70CAAD002EB495 /* ExampleSwift.app */,
			);
			name = Products;
			sourceTree = "<group>";
		};
/* End PBXGroup section */

/* Begin PBXNativeTarget section */
		2C3C8C442B70CAAD002EB495 /* ExampleSwift */ = {
			isa = PBXNativeTarget;
			buildConfigurationList = 2C3C8C592B70CAAE002EB495 /* Build configuration list for PBXNativeTarget "ExampleSwift" */;
			buildPhases = (
				2C3C8C412B70CAAD002EB495 /* Sources */,
				2C3C8C422B70CAAD002EB495 /* Frameworks */,
				2C3C8C432B70CAAD002EB495 /* Resources */,
			);
			buildRules = (
			);
			dependencies = (
			);
			name = ExampleSwift;
			packageProductDependencies = (
				2C3C8C7B2B70CBBC002EB495 /* MapboxNavigation */,
			);
			productName = ExampleSwift;
			productReference = 2C3C8C452B70CAAD002EB495 /* ExampleSwift.app */;
			productType = "com.apple.product-type.application";
		};
/* End PBXNativeTarget section */

/* Begin PBXProject section */
		2C3C8C3D2B70CAAD002EB495 /* Project object */ = {
			isa = PBXProject;
			attributes = {
				BuildIndependentTargetsInParallel = 1;
				LastSwiftUpdateCheck = 1520;
				LastUpgradeCheck = 1520;
				TargetAttributes = {
					2C3C8C442B70CAAD002EB495 = {
						CreatedOnToolsVersion = 15.2;
						LastSwiftMigration = 1520;
					};
				};
			};
			buildConfigurationList = 2C3C8C402B70CAAD002EB495 /* Build configuration list for PBXProject "ExampleSwift" */;
			compatibilityVersion = "Xcode 14.0";
			developmentRegion = en;
			hasScannedForEncodings = 0;
			knownRegions = (
				en,
				Base,
			);
			mainGroup = 2C3C8C3C2B70CAAD002EB495;
			packageReferences = (
				2C3C8C7A2B70CBBC002EB495 /* XCLocalSwiftPackageReference ".." */,
			);
			productRefGroup = 2C3C8C462B70CAAD002EB495 /* Products */;
			projectDirPath = "";
			projectRoot = "";
			targets = (
				2C3C8C442B70CAAD002EB495 /* ExampleSwift */,
			);
		};
/* End PBXProject section */

/* Begin PBXResourcesBuildPhase section */
		2C3C8C432B70CAAD002EB495 /* Resources */ = {
			isa = PBXResourcesBuildPhase;
			buildActionMask = 2147483647;
			files = (
				2C3C8C712B70CB7C002EB495 /* Entitlements.plist in Resources */,
				2C3C8C752B70CB7C002EB495 /* _TestPath.gpx in Resources */,
				2C3C8C722B70CB7C002EB495 /* tunnel.route in Resources */,
				2C29CC242B70CF4700C988BE /* Main.storyboard in Resources */,
				2C29CC252B70CF4700C988BE /* LaunchScreen.storyboard in Resources */,
				2C3C8C792B70CB7C002EB495 /* Assets.xcassets in Resources */,
				2C3C8C6F2B70CB7C002EB495 /* tunnel.json in Resources */,
			);
			runOnlyForDeploymentPostprocessing = 0;
		};
/* End PBXResourcesBuildPhase section */

/* Begin PBXSourcesBuildPhase section */
		2C3C8C412B70CAAD002EB495 /* Sources */ = {
			isa = PBXSourcesBuildPhase;
			buildActionMask = 2147483647;
			files = (
				2C3C8C732B70CB7C002EB495 /* ViewController.swift in Sources */,
				2C3C8C6D2B70CB7C002EB495 /* AppDelegate.swift in Sources */,
				2C3C8C6C2B70CB7C002EB495 /* WaypointConfirmationViewController.swift in Sources */,
				2C3C8C6E2B70CB7C002EB495 /* RecentItem.swift in Sources */,
				2C3C8C762B70CB7C002EB495 /* CustomStyles.swift in Sources */,
				2C3C8C702B70CB7C002EB495 /* CustomViewController.swift in Sources */,
				2C3C8C772B70CB7C002EB495 /* FavoritesList.swift in Sources */,
				2C3C8C782B70CB7C002EB495 /* AppDelegate+CarPlay.swift in Sources */,
			);
			runOnlyForDeploymentPostprocessing = 0;
		};
/* End PBXSourcesBuildPhase section */

/* Begin PBXVariantGroup section */
		2C29CC202B70CF4700C988BE /* Main.storyboard */ = {
			isa = PBXVariantGroup;
			children = (
				2C29CC212B70CF4700C988BE /* Base */,
			);
			name = Main.storyboard;
			sourceTree = "<group>";
		};
		2C29CC222B70CF4700C988BE /* LaunchScreen.storyboard */ = {
			isa = PBXVariantGroup;
			children = (
				2C29CC232B70CF4700C988BE /* Base */,
			);
			name = LaunchScreen.storyboard;
			sourceTree = "<group>";
		};
/* End PBXVariantGroup section */

/* Begin XCBuildConfiguration section */
		2C3C8C572B70CAAE002EB495 /* Debug */ = {
			isa = XCBuildConfiguration;
			buildSettings = {
				ALWAYS_SEARCH_USER_PATHS = NO;
				ASSETCATALOG_COMPILER_GENERATE_SWIFT_ASSET_SYMBOL_EXTENSIONS = YES;
				CLANG_ANALYZER_NONNULL = YES;
				CLANG_ANALYZER_NUMBER_OBJECT_CONVERSION = YES_AGGRESSIVE;
				CLANG_CXX_LANGUAGE_STANDARD = "gnu++20";
				CLANG_ENABLE_MODULES = YES;
				CLANG_ENABLE_OBJC_ARC = YES;
				CLANG_ENABLE_OBJC_WEAK = YES;
				CLANG_WARN_BLOCK_CAPTURE_AUTORELEASING = YES;
				CLANG_WARN_BOOL_CONVERSION = YES;
				CLANG_WARN_COMMA = YES;
				CLANG_WARN_CONSTANT_CONVERSION = YES;
				CLANG_WARN_DEPRECATED_OBJC_IMPLEMENTATIONS = YES;
				CLANG_WARN_DIRECT_OBJC_ISA_USAGE = YES_ERROR;
				CLANG_WARN_DOCUMENTATION_COMMENTS = YES;
				CLANG_WARN_EMPTY_BODY = YES;
				CLANG_WARN_ENUM_CONVERSION = YES;
				CLANG_WARN_INFINITE_RECURSION = YES;
				CLANG_WARN_INT_CONVERSION = YES;
				CLANG_WARN_NON_LITERAL_NULL_CONVERSION = YES;
				CLANG_WARN_OBJC_IMPLICIT_RETAIN_SELF = YES;
				CLANG_WARN_OBJC_LITERAL_CONVERSION = YES;
				CLANG_WARN_OBJC_ROOT_CLASS = YES_ERROR;
				CLANG_WARN_QUOTED_INCLUDE_IN_FRAMEWORK_HEADER = YES;
				CLANG_WARN_RANGE_LOOP_ANALYSIS = YES;
				CLANG_WARN_STRICT_PROTOTYPES = YES;
				CLANG_WARN_SUSPICIOUS_MOVE = YES;
				CLANG_WARN_UNGUARDED_AVAILABILITY = YES_AGGRESSIVE;
				CLANG_WARN_UNREACHABLE_CODE = YES;
				CLANG_WARN__DUPLICATE_METHOD_MATCH = YES;
				COPY_PHASE_STRIP = NO;
				DEBUG_INFORMATION_FORMAT = dwarf;
				ENABLE_STRICT_OBJC_MSGSEND = YES;
				ENABLE_TESTABILITY = YES;
				ENABLE_USER_SCRIPT_SANDBOXING = YES;
				GCC_C_LANGUAGE_STANDARD = gnu17;
				GCC_DYNAMIC_NO_PIC = NO;
				GCC_NO_COMMON_BLOCKS = YES;
				GCC_OPTIMIZATION_LEVEL = 0;
				GCC_PREPROCESSOR_DEFINITIONS = (
					"DEBUG=1",
					"$(inherited)",
				);
				GCC_WARN_64_TO_32_BIT_CONVERSION = YES;
				GCC_WARN_ABOUT_RETURN_TYPE = YES_ERROR;
				GCC_WARN_UNDECLARED_SELECTOR = YES;
				GCC_WARN_UNINITIALIZED_AUTOS = YES_AGGRESSIVE;
				GCC_WARN_UNUSED_FUNCTION = YES;
				GCC_WARN_UNUSED_VARIABLE = YES;
				IPHONEOS_DEPLOYMENT_TARGET = 14.0;
				LOCALIZATION_PREFERS_STRING_CATALOGS = YES;
				MTL_ENABLE_DEBUG_INFO = INCLUDE_SOURCE;
				MTL_FAST_MATH = YES;
				ONLY_ACTIVE_ARCH = YES;
				SDKROOT = iphoneos;
				SWIFT_ACTIVE_COMPILATION_CONDITIONS = "DEBUG $(inherited)";
				SWIFT_OPTIMIZATION_LEVEL = "-Onone";
			};
			name = Debug;
		};
		2C3C8C582B70CAAE002EB495 /* Release */ = {
			isa = XCBuildConfiguration;
			buildSettings = {
				ALWAYS_SEARCH_USER_PATHS = NO;
				ASSETCATALOG_COMPILER_GENERATE_SWIFT_ASSET_SYMBOL_EXTENSIONS = YES;
				CLANG_ANALYZER_NONNULL = YES;
				CLANG_ANALYZER_NUMBER_OBJECT_CONVERSION = YES_AGGRESSIVE;
				CLANG_CXX_LANGUAGE_STANDARD = "gnu++20";
				CLANG_ENABLE_MODULES = YES;
				CLANG_ENABLE_OBJC_ARC = YES;
				CLANG_ENABLE_OBJC_WEAK = YES;
				CLANG_WARN_BLOCK_CAPTURE_AUTORELEASING = YES;
				CLANG_WARN_BOOL_CONVERSION = YES;
				CLANG_WARN_COMMA = YES;
				CLANG_WARN_CONSTANT_CONVERSION = YES;
				CLANG_WARN_DEPRECATED_OBJC_IMPLEMENTATIONS = YES;
				CLANG_WARN_DIRECT_OBJC_ISA_USAGE = YES_ERROR;
				CLANG_WARN_DOCUMENTATION_COMMENTS = YES;
				CLANG_WARN_EMPTY_BODY = YES;
				CLANG_WARN_ENUM_CONVERSION = YES;
				CLANG_WARN_INFINITE_RECURSION = YES;
				CLANG_WARN_INT_CONVERSION = YES;
				CLANG_WARN_NON_LITERAL_NULL_CONVERSION = YES;
				CLANG_WARN_OBJC_IMPLICIT_RETAIN_SELF = YES;
				CLANG_WARN_OBJC_LITERAL_CONVERSION = YES;
				CLANG_WARN_OBJC_ROOT_CLASS = YES_ERROR;
				CLANG_WARN_QUOTED_INCLUDE_IN_FRAMEWORK_HEADER = YES;
				CLANG_WARN_RANGE_LOOP_ANALYSIS = YES;
				CLANG_WARN_STRICT_PROTOTYPES = YES;
				CLANG_WARN_SUSPICIOUS_MOVE = YES;
				CLANG_WARN_UNGUARDED_AVAILABILITY = YES_AGGRESSIVE;
				CLANG_WARN_UNREACHABLE_CODE = YES;
				CLANG_WARN__DUPLICATE_METHOD_MATCH = YES;
				COPY_PHASE_STRIP = NO;
				DEBUG_INFORMATION_FORMAT = "dwarf-with-dsym";
				ENABLE_NS_ASSERTIONS = NO;
				ENABLE_STRICT_OBJC_MSGSEND = YES;
				ENABLE_USER_SCRIPT_SANDBOXING = YES;
				GCC_C_LANGUAGE_STANDARD = gnu17;
				GCC_NO_COMMON_BLOCKS = YES;
				GCC_WARN_64_TO_32_BIT_CONVERSION = YES;
				GCC_WARN_ABOUT_RETURN_TYPE = YES_ERROR;
				GCC_WARN_UNDECLARED_SELECTOR = YES;
				GCC_WARN_UNINITIALIZED_AUTOS = YES_AGGRESSIVE;
				GCC_WARN_UNUSED_FUNCTION = YES;
				GCC_WARN_UNUSED_VARIABLE = YES;
				IPHONEOS_DEPLOYMENT_TARGET = 14.0;
				LOCALIZATION_PREFERS_STRING_CATALOGS = YES;
				MTL_ENABLE_DEBUG_INFO = NO;
				MTL_FAST_MATH = YES;
				SDKROOT = iphoneos;
				SWIFT_COMPILATION_MODE = wholemodule;
				VALIDATE_PRODUCT = YES;
			};
			name = Release;
		};
		2C3C8C5A2B70CAAE002EB495 /* Debug */ = {
			isa = XCBuildConfiguration;
			buildSettings = {
				ASSETCATALOG_COMPILER_APPICON_NAME = AppIcon;
				ASSETCATALOG_COMPILER_GLOBAL_ACCENT_COLOR_NAME = AccentColor;
				CLANG_ENABLE_MODULES = YES;
				CODE_SIGN_STYLE = Automatic;
				CURRENT_PROJECT_VERSION = 1;
				GENERATE_INFOPLIST_FILE = YES;
				INFOPLIST_FILE = "ExampleSwift-Info.plist";
				INFOPLIST_KEY_NSLocationWhenInUseUsageDescription = "Get user location";
				INFOPLIST_KEY_UIApplicationSupportsIndirectInputEvents = YES;
				INFOPLIST_KEY_UILaunchStoryboardName = LaunchScreen;
				INFOPLIST_KEY_UIMainStoryboardFile = Main;
				INFOPLIST_KEY_UISupportedInterfaceOrientations_iPad = "UIInterfaceOrientationPortrait UIInterfaceOrientationPortraitUpsideDown UIInterfaceOrientationLandscapeLeft UIInterfaceOrientationLandscapeRight";
				INFOPLIST_KEY_UISupportedInterfaceOrientations_iPhone = "UIInterfaceOrientationPortrait UIInterfaceOrientationLandscapeLeft UIInterfaceOrientationLandscapeRight";
				LD_RUNPATH_SEARCH_PATHS = (
					"$(inherited)",
					"@executable_path/Frameworks",
				);
				MARKETING_VERSION = 1.0;
				PRODUCT_BUNDLE_IDENTIFIER = maplibre.ExampleSwift;
				PRODUCT_NAME = "$(TARGET_NAME)";
				SWIFT_EMIT_LOC_STRINGS = YES;
				SWIFT_OPTIMIZATION_LEVEL = "-Onone";
				SWIFT_VERSION = 5.0;
				TARGETED_DEVICE_FAMILY = "1,2";
			};
			name = Debug;
		};
		2C3C8C5B2B70CAAE002EB495 /* Release */ = {
			isa = XCBuildConfiguration;
			buildSettings = {
				ASSETCATALOG_COMPILER_APPICON_NAME = AppIcon;
				ASSETCATALOG_COMPILER_GLOBAL_ACCENT_COLOR_NAME = AccentColor;
				CLANG_ENABLE_MODULES = YES;
				CODE_SIGN_STYLE = Automatic;
				CURRENT_PROJECT_VERSION = 1;
				GENERATE_INFOPLIST_FILE = YES;
				INFOPLIST_FILE = "ExampleSwift-Info.plist";
				INFOPLIST_KEY_NSLocationWhenInUseUsageDescription = "Get user location";
				INFOPLIST_KEY_UIApplicationSupportsIndirectInputEvents = YES;
				INFOPLIST_KEY_UILaunchStoryboardName = LaunchScreen;
				INFOPLIST_KEY_UIMainStoryboardFile = Main;
				INFOPLIST_KEY_UISupportedInterfaceOrientations_iPad = "UIInterfaceOrientationPortrait UIInterfaceOrientationPortraitUpsideDown UIInterfaceOrientationLandscapeLeft UIInterfaceOrientationLandscapeRight";
				INFOPLIST_KEY_UISupportedInterfaceOrientations_iPhone = "UIInterfaceOrientationPortrait UIInterfaceOrientationLandscapeLeft UIInterfaceOrientationLandscapeRight";
				LD_RUNPATH_SEARCH_PATHS = (
					"$(inherited)",
					"@executable_path/Frameworks",
				);
				MARKETING_VERSION = 1.0;
				PRODUCT_BUNDLE_IDENTIFIER = maplibre.ExampleSwift;
				PRODUCT_NAME = "$(TARGET_NAME)";
				SWIFT_EMIT_LOC_STRINGS = YES;
				SWIFT_VERSION = 5.0;
				TARGETED_DEVICE_FAMILY = "1,2";
			};
			name = Release;
		};
/* End XCBuildConfiguration section */

/* Begin XCConfigurationList section */
		2C3C8C402B70CAAD002EB495 /* Build configuration list for PBXProject "ExampleSwift" */ = {
			isa = XCConfigurationList;
			buildConfigurations = (
				2C3C8C572B70CAAE002EB495 /* Debug */,
				2C3C8C582B70CAAE002EB495 /* Release */,
			);
			defaultConfigurationIsVisible = 0;
			defaultConfigurationName = Release;
		};
		2C3C8C592B70CAAE002EB495 /* Build configuration list for PBXNativeTarget "ExampleSwift" */ = {
			isa = XCConfigurationList;
			buildConfigurations = (
				2C3C8C5A2B70CAAE002EB495 /* Debug */,
				2C3C8C5B2B70CAAE002EB495 /* Release */,
			);
			defaultConfigurationIsVisible = 0;
			defaultConfigurationName = Release;
		};
/* End XCConfigurationList section */

/* Begin XCLocalSwiftPackageReference section */
		2C3C8C7A2B70CBBC002EB495 /* XCLocalSwiftPackageReference ".." */ = {
			isa = XCLocalSwiftPackageReference;
			relativePath = ..;
		};
/* End XCLocalSwiftPackageReference section */

/* Begin XCSwiftPackageProductDependency section */
		2C3C8C7B2B70CBBC002EB495 /* MapboxNavigation */ = {
			isa = XCSwiftPackageProductDependency;
			productName = MapboxNavigation;
		};
/* End XCSwiftPackageProductDependency section */
	};
	rootObject = 2C3C8C3D2B70CAAD002EB495 /* Project object */;
}
