{
  "pins" : [
    {
      "identity" : "maplibre-gl-native-distribution",
      "kind" : "remoteSourceControl",
      "location" : "https://github.com/maplibre/maplibre-gl-native-distribution",
      "state" : {
        "revision" : "3df876f8f2c6c591b0f66a29b3e216020afc885c",
        "version" : "6.0.0"
      }
    }
  ],
  "version" : 2
}
